
Microsoft Visual Studio Solution File, Format Version 12.00
# Visual Studio Version 16
VisualStudioVersion = 16.0.32602.291
MinimumVisualStudioVersion = 10.0.40219.1
Project("{FAE04EC0-301F-11D3-BF4B-00C04F79EFBC}") = "CursoCSharp", "CursoCSharp\CursoCSharp.csproj", "{F10BA3B7-8E19-4153-A53F-CD99287FE6A6}"
EndProject
Global
	GlobalSection(SolutionConfigurationPlatforms) = preSolution
		Debug|Any CPU = Debug|Any CPU
		Release|Any CPU = Release|Any CPU
	EndGlobalSection
	GlobalSection(ProjectConfigurationPlatforms) = postSolution
		{F10BA3B7-8E19-4153-A53F-CD99287FE6A6}.Debug|Any CPU.ActiveCfg = Debug|Any CPU
		{F10BA3B7-8E19-4153-A53F-CD99287FE6A6}.Debug|Any CPU.Build.0 = Debug|Any CPU
		{F10BA3B7-8E19-4153-A53F-CD99287FE6A6}.Release|Any CPU.ActiveCfg = Release|Any CPU
		{F10BA3B7-8E19-4153-A53F-CD99287FE6A6}.Release|Any CPU.Build.0 = Release|Any CPU
	EndGlobalSection
	GlobalSection(SolutionProperties) = preSolution
		HideSolutionNode = FALSE
	EndGlobalSection
	GlobalSection(ExtensibilityGlobals) = postSolution
		SolutionGuid = {4B2898F5-C8AF-49D6-8F0C-3CB363A5C2C7}
	EndGlobalSection
EndGlobal
